
Microsoft Visual Studio Solution File, Format Version 12.00
# Visual Studio Version 16
VisualStudioVersion = 16.0.31515.178
MinimumVisualStudioVersion = 10.0.40219.1
Project("{FAE04EC0-301F-11D3-BF4B-00C04F79EFBC}") = "Assembly-CSharp", "Assembly-CSharp.csproj", "{96A6A6ED-2D44-8B01-E299-93BBF8A095E4}"
EndProject
Project("{FAE04EC0-301F-11D3-BF4B-00C04F79EFBC}") = "Assembly-CSharp-Editor", "Assembly-CSharp-Editor.csproj", "{EA17C570-8ED5-DF04-C157-CBBA4DC939A5}"
EndProject
Global
	GlobalSection(SolutionConfigurationPlatforms) = preSolution
		Debug|Any CPU = Debug|Any CPU
		Release|Any CPU = Release|Any CPU
	EndGlobalSection
	GlobalSection(ProjectConfigurationPlatforms) = postSolution
		{96A6A6ED-2D44-8B01-E299-93BBF8A095E4}.Debug|Any CPU.ActiveCfg = Debug|Any CPU
		{96A6A6ED-2D44-8B01-E299-93BBF8A095E4}.Debug|Any CPU.Build.0 = Debug|Any CPU
		{96A6A6ED-2D44-8B01-E299-93BBF8A095E4}.Release|Any CPU.ActiveCfg = Release|Any CPU
		{96A6A6ED-2D44-8B01-E299-93BBF8A095E4}.Release|Any CPU.Build.0 = Release|Any CPU
		{EA17C570-8ED5-DF04-C157-CBBA4DC939A5}.Debug|Any CPU.ActiveCfg = Debug|Any CPU
		{EA17C570-8ED5-DF04-C157-CBBA4DC939A5}.Debug|Any CPU.Build.0 = Debug|Any CPU
		{EA17C570-8ED5-DF04-C157-CBBA4DC939A5}.Release|Any CPU.ActiveCfg = Release|Any CPU
		{EA17C570-8ED5-DF04-C157-CBBA4DC939A5}.Release|Any CPU.Build.0 = Release|Any CPU
	EndGlobalSection
	GlobalSection(SolutionProperties) = preSolution
		HideSolutionNode = FALSE
	EndGlobalSection
	GlobalSection(ExtensibilityGlobals) = postSolution
		SolutionGuid = {8F705860-9E1F-4C10-B70C-02605AFFB33F}
	EndGlobalSection
	GlobalSection(MonoDevelopProperties) = preSolution
		StartupItem = Assembly-CSharp.csproj
	EndGlobalSection
EndGlobal
